
Microsoft Visual Studio Solution File, Format Version 12.00
# Visual Studio Version 16
VisualStudioVersion = 16.0.33328.57
MinimumVisualStudioVersion = 10.0.40219.1
Project("{FAE04EC0-301F-11D3-BF4B-00C04F79EFBC}") = "PUBG Recent Games Stats Outputter", "PUBG Recent Games Stats Outputter.csproj", "{784E5F38-EC22-4114-A802-4FDB2382144F}"
EndProject
Global
	GlobalSection(SolutionConfigurationPlatforms) = preSolution
		Debug|Any CPU = Debug|Any CPU
		Release|Any CPU = Release|Any CPU
	EndGlobalSection
	GlobalSection(ProjectConfigurationPlatforms) = postSolution
		{784E5F38-EC22-4114-A802-4FDB2382144F}.Debug|Any CPU.ActiveCfg = Debug|Any CPU
		{784E5F38-EC22-4114-A802-4FDB2382144F}.Debug|Any CPU.Build.0 = Debug|Any CPU
		{784E5F38-EC22-4114-A802-4FDB2382144F}.Release|Any CPU.ActiveCfg = Release|Any CPU
		{784E5F38-EC22-4114-A802-4FDB2382144F}.Release|Any CPU.Build.0 = Release|Any CPU
	EndGlobalSection
	GlobalSection(SolutionProperties) = preSolution
		HideSolutionNode = FALSE
	EndGlobalSection
	GlobalSection(ExtensibilityGlobals) = postSolution
		SolutionGuid = {B8377923-3B0F-4AB8-97FE-446133B35F87}
	EndGlobalSection
EndGlobal
